// !$*UTF8*$!
{
	archiveVersion = 1;
	classes = {
	};
	objectVersion = 50;
	objects = {

/* Begin PBXBuildFile section */
		8CBAAFF12379384F00A695B6 /* Easify.h in Headers */ = {isa = PBXBuildFile; fileRef = 8CBAAFEF2379384F00A695B6 /* Easify.h */; settings = {ATTRIBUTES = (Public, ); }; };
		8CBB331E23793992006ADAAE /* AppDelegate.swift in Sources */ = {isa = PBXBuildFile; fileRef = 8CBB331D23793992006ADAAE /* AppDelegate.swift */; };
		8CBB332023793992006ADAAE /* ViewController.swift in Sources */ = {isa = PBXBuildFile; fileRef = 8CBB331F23793992006ADAAE /* ViewController.swift */; };
		8CBB332323793992006ADAAE /* Main.storyboard in Resources */ = {isa = PBXBuildFile; fileRef = 8CBB332123793992006ADAAE /* Main.storyboard */; };
		8CBB332523793996006ADAAE /* Assets.xcassets in Resources */ = {isa = PBXBuildFile; fileRef = 8CBB332423793996006ADAAE /* Assets.xcassets */; };
		8CBB332823793996006ADAAE /* LaunchScreen.storyboard in Resources */ = {isa = PBXBuildFile; fileRef = 8CBB332623793996006ADAAE /* LaunchScreen.storyboard */; };
/* End PBXBuildFile section */

/* Begin PBXFileReference section */
		8CBAAFEC2379384F00A695B6 /* Easify.framework */ = {isa = PBXFileReference; explicitFileType = wrapper.framework; includeInIndex = 0; path = Easify.framework; sourceTree = BUILT_PRODUCTS_DIR; };
		8CBAAFEF2379384F00A695B6 /* Easify.h */ = {isa = PBXFileReference; lastKnownFileType = sourcecode.c.h; path = Easify.h; sourceTree = "<group>"; };
		8CBAAFF02379384F00A695B6 /* Info.plist */ = {isa = PBXFileReference; lastKnownFileType = text.plist.xml; path = Info.plist; sourceTree = "<group>"; };
		8CBB331B23793992006ADAAE /* EasifyExamples.app */ = {isa = PBXFileReference; explicitFileType = wrapper.application; includeInIndex = 0; path = EasifyExamples.app; sourceTree = BUILT_PRODUCTS_DIR; };
		8CBB331D23793992006ADAAE /* AppDelegate.swift */ = {isa = PBXFileReference; lastKnownFileType = sourcecode.swift; path = AppDelegate.swift; sourceTree = "<group>"; };
		8CBB331F23793992006ADAAE /* ViewController.swift */ = {isa = PBXFileReference; lastKnownFileType = sourcecode.swift; path = ViewController.swift; sourceTree = "<group>"; };
		8CBB332223793992006ADAAE /* Base */ = {isa = PBXFileReference; lastKnownFileType = file.storyboard; name = Base; path = Base.lproj/Main.storyboard; sourceTree = "<group>"; };
		8CBB332423793996006ADAAE /* Assets.xcassets */ = {isa = PBXFileReference; lastKnownFileType = folder.assetcatalog; path = Assets.xcassets; sourceTree = "<group>"; };
		8CBB332723793996006ADAAE /* Base */ = {isa = PBXFileReference; lastKnownFileType = file.storyboard; name = Base; path = Base.lproj/LaunchScreen.storyboard; sourceTree = "<group>"; };
		8CBB332923793996006ADAAE /* Info.plist */ = {isa = PBXFileReference; lastKnownFileType = text.plist.xml; path = Info.plist; sourceTree = "<group>"; };
/* End PBXFileReference section */

/* Begin PBXFrameworksBuildPhase section */
		8CBAAFE92379384F00A695B6 /* Frameworks */ = {
			isa = PBXFrameworksBuildPhase;
			buildActionMask = 2147483647;
			files = (
			);
			runOnlyForDeploymentPostprocessing = 0;
		};
		8CBB331823793992006ADAAE /* Frameworks */ = {
			isa = PBXFrameworksBuildPhase;
			buildActionMask = 2147483647;
			files = (
			);
			runOnlyForDeploymentPostprocessing = 0;
		};
/* End PBXFrameworksBuildPhase section */

/* Begin PBXGroup section */
		8CBAAFE22379384F00A695B6 = {
			isa = PBXGroup;
			children = (
				8CBAAFEE2379384F00A695B6 /* Easify */,
				8CBB331C23793992006ADAAE /* EasifyExamples */,
				8CBAAFED2379384F00A695B6 /* Products */,
			);
			sourceTree = "<group>";
		};
		8CBAAFED2379384F00A695B6 /* Products */ = {
			isa = PBXGroup;
			children = (
				8CBAAFEC2379384F00A695B6 /* Easify.framework */,
				8CBB331B23793992006ADAAE /* EasifyExamples.app */,
			);
			name = Products;
			sourceTree = "<group>";
		};
		8CBAAFEE2379384F00A695B6 /* Easify */ = {
			isa = PBXGroup;
			children = (
				8CBAAFEF2379384F00A695B6 /* Easify.h */,
				8CBAAFF02379384F00A695B6 /* Info.plist */,
			);
			path = Easify;
			sourceTree = "<group>";
		};
		8CBB331C23793992006ADAAE /* EasifyExamples */ = {
			isa = PBXGroup;
			children = (
				8CBB331D23793992006ADAAE /* AppDelegate.swift */,
				8CBB331F23793992006ADAAE /* ViewController.swift */,
				8CBB332123793992006ADAAE /* Main.storyboard */,
				8CBB332423793996006ADAAE /* Assets.xcassets */,
				8CBB332623793996006ADAAE /* LaunchScreen.storyboard */,
				8CBB332923793996006ADAAE /* Info.plist */,
			);
			path = EasifyExamples;
			sourceTree = "<group>";
		};
/* End PBXGroup section */

/* Begin PBXHeadersBuildPhase section */
		8CBAAFE72379384F00A695B6 /* Headers */ = {
			isa = PBXHeadersBuildPhase;
			buildActionMask = 2147483647;
			files = (
				8CBAAFF12379384F00A695B6 /* Easify.h in Headers */,
			);
			runOnlyForDeploymentPostprocessing = 0;
		};
/* End PBXHeadersBuildPhase section */

/* Begin PBXNativeTarget section */
		8CBAAFEB2379384F00A695B6 /* Easify */ = {
			isa = PBXNativeTarget;
			buildConfigurationList = 8CBAAFF42379384F00A695B6 /* Build configuration list for PBXNativeTarget "Easify" */;
			buildPhases = (
				8CBAAFE72379384F00A695B6 /* Headers */,
				8CBAAFE82379384F00A695B6 /* Sources */,
				8CBAAFE92379384F00A695B6 /* Frameworks */,
				8CBAAFEA2379384F00A695B6 /* Resources */,
			);
			buildRules = (
			);
			dependencies = (
			);
			name = Easify;
			productName = Easify;
			productReference = 8CBAAFEC2379384F00A695B6 /* Easify.framework */;
			productType = "com.apple.product-type.framework";
		};
		8CBB331A23793992006ADAAE /* EasifyExamples */ = {
			isa = PBXNativeTarget;
			buildConfigurationList = 8CBB332C23793996006ADAAE /* Build configuration list for PBXNativeTarget "EasifyExamples" */;
			buildPhases = (
				8CBB331723793992006ADAAE /* Sources */,
				8CBB331823793992006ADAAE /* Frameworks */,
				8CBB331923793992006ADAAE /* Resources */,
			);
			buildRules = (
			);
			dependencies = (
			);
			name = EasifyExamples;
			productName = EasifyExamples;
			productReference = 8CBB331B23793992006ADAAE /* EasifyExamples.app */;
			productType = "com.apple.product-type.application";
		};
/* End PBXNativeTarget section */

/* Begin PBXProject section */
		8CBAAFE32379384F00A695B6 /* Project object */ = {
			isa = PBXProject;
			attributes = {
				LastSwiftUpdateCheck = 1030;
				LastUpgradeCheck = 1110;
				ORGANIZATIONNAME = Personal;
				TargetAttributes = {
					8CBAAFEB2379384F00A695B6 = {
						CreatedOnToolsVersion = 11.1;
					};
					8CBB331A23793992006ADAAE = {
						CreatedOnToolsVersion = 10.3;
					};
				};
			};
			buildConfigurationList = 8CBAAFE62379384F00A695B6 /* Build configuration list for PBXProject "Easify" */;
			compatibilityVersion = "Xcode 9.3";
			developmentRegion = en;
			hasScannedForEncodings = 0;
			knownRegions = (
				en,
				Base,
			);
			mainGroup = 8CBAAFE22379384F00A695B6;
			productRefGroup = 8CBAAFED2379384F00A695B6 /* Products */;
			projectDirPath = "";
			projectRoot = "";
			targets = (
				8CBAAFEB2379384F00A695B6 /* Easify */,
				8CBB331A23793992006ADAAE /* EasifyExamples */,
			);
		};
/* End PBXProject section */

/* Begin PBXResourcesBuildPhase section */
		8CBAAFEA2379384F00A695B6 /* Resources */ = {
			isa = PBXResourcesBuildPhase;
			buildActionMask = 2147483647;
			files = (
			);
			runOnlyForDeploymentPostprocessing = 0;
		};
		8CBB331923793992006ADAAE /* Resources */ = {
			isa = PBXResourcesBuildPhase;
			buildActionMask = 2147483647;
			files = (
				8CBB332823793996006ADAAE /* LaunchScreen.storyboard in Resources */,
				8CBB332523793996006ADAAE /* Assets.xcassets in Resources */,
				8CBB332323793992006ADAAE /* Main.storyboard in Resources */,
			);
			runOnlyForDeploymentPostprocessing = 0;
		};
/* End PBXResourcesBuildPhase section */

/* Begin PBXSourcesBuildPhase section */
		8CBAAFE82379384F00A695B6 /* Sources */ = {
			isa = PBXSourcesBuildPhase;
			buildActionMask = 2147483647;
			files = (
			);
			runOnlyForDeploymentPostprocessing = 0;
		};
		8CBB331723793992006ADAAE /* Sources */ = {
			isa = PBXSourcesBuildPhase;
			buildActionMask = 2147483647;
			files = (
				8CBB332023793992006ADAAE /* ViewController.swift in Sources */,
				8CBB331E23793992006ADAAE /* AppDelegate.swift in Sources */,
			);
			runOnlyForDeploymentPostprocessing = 0;
		};
/* End PBXSourcesBuildPhase section */

/* Begin PBXVariantGroup section */
		8CBB332123793992006ADAAE /* Main.storyboard */ = {
			isa = PBXVariantGroup;
			children = (
				8CBB332223793992006ADAAE /* Base */,
			);
			name = Main.storyboard;
			sourceTree = "<group>";
		};
		8CBB332623793996006ADAAE /* LaunchScreen.storyboard */ = {
			isa = PBXVariantGroup;
			children = (
				8CBB332723793996006ADAAE /* Base */,
			);
			name = LaunchScreen.storyboard;
			sourceTree = "<group>";
		};
/* End PBXVariantGroup section */

/* Begin XCBuildConfiguration section */
		8CBAAFF22379384F00A695B6 /* Debug */ = {
			isa = XCBuildConfiguration;
			buildSettings = {
				ALWAYS_SEARCH_USER_PATHS = NO;
				CLANG_ANALYZER_NONNULL = YES;
				CLANG_ANALYZER_NUMBER_OBJECT_CONVERSION = YES_AGGRESSIVE;
				CLANG_CXX_LANGUAGE_STANDARD = "gnu++14";
				CLANG_CXX_LIBRARY = "libc++";
				CLANG_ENABLE_MODULES = YES;
				CLANG_ENABLE_OBJC_ARC = YES;
				CLANG_ENABLE_OBJC_WEAK = YES;
				CLANG_WARN_BLOCK_CAPTURE_AUTORELEASING = YES;
				CLANG_WARN_BOOL_CONVERSION = YES;
				CLANG_WARN_COMMA = YES;
				CLANG_WARN_CONSTANT_CONVERSION = YES;
				CLANG_WARN_DEPRECATED_OBJC_IMPLEMENTATIONS = YES;
				CLANG_WARN_DIRECT_OBJC_ISA_USAGE = YES_ERROR;
				CLANG_WARN_DOCUMENTATION_COMMENTS = YES;
				CLANG_WARN_EMPTY_BODY = YES;
				CLANG_WARN_ENUM_CONVERSION = YES;
				CLANG_WARN_INFINITE_RECURSION = YES;
				CLANG_WARN_INT_CONVERSION = YES;
				CLANG_WARN_NON_LITERAL_NULL_CONVERSION = YES;
				CLANG_WARN_OBJC_IMPLICIT_RETAIN_SELF = YES;
				CLANG_WARN_OBJC_LITERAL_CONVERSION = YES;
				CLANG_WARN_OBJC_ROOT_CLASS = YES_ERROR;
				CLANG_WARN_RANGE_LOOP_ANALYSIS = YES;
				CLANG_WARN_STRICT_PROTOTYPES = YES;
				CLANG_WARN_SUSPICIOUS_MOVE = YES;
				CLANG_WARN_UNGUARDED_AVAILABILITY = YES_AGGRESSIVE;
				CLANG_WARN_UNREACHABLE_CODE = YES;
				CLANG_WARN__DUPLICATE_METHOD_MATCH = YES;
				COPY_PHASE_STRIP = NO;
				CURRENT_PROJECT_VERSION = 1;
				DEBUG_INFORMATION_FORMAT = dwarf;
				ENABLE_STRICT_OBJC_MSGSEND = YES;
				ENABLE_TESTABILITY = YES;
				GCC_C_LANGUAGE_STANDARD = gnu11;
				GCC_DYNAMIC_NO_PIC = NO;
				GCC_NO_COMMON_BLOCKS = YES;
				GCC_OPTIMIZATION_LEVEL = 0;
				GCC_PREPROCESSOR_DEFINITIONS = (
					"DEBUG=1",
					"$(inherited)",
				);
				GCC_WARN_64_TO_32_BIT_CONVERSION = YES;
				GCC_WARN_ABOUT_RETURN_TYPE = YES_ERROR;
				GCC_WARN_UNDECLARED_SELECTOR = YES;
				GCC_WARN_UNINITIALIZED_AUTOS = YES_AGGRESSIVE;
				GCC_WARN_UNUSED_FUNCTION = YES;
				GCC_WARN_UNUSED_VARIABLE = YES;
				IPHONEOS_DEPLOYMENT_TARGET = 13.1;
				MTL_ENABLE_DEBUG_INFO = INCLUDE_SOURCE;
				MTL_FAST_MATH = YES;
				ONLY_ACTIVE_ARCH = YES;
				SDKROOT = iphoneos;
				SWIFT_ACTIVE_COMPILATION_CONDITIONS = DEBUG;
				SWIFT_OPTIMIZATION_LEVEL = "-Onone";
				VERSIONING_SYSTEM = "apple-generic";
				VERSION_INFO_PREFIX = "";
			};
			name = Debug;
		};
		8CBAAFF32379384F00A695B6 /* Release */ = {
			isa = XCBuildConfiguration;
			buildSettings = {
				ALWAYS_SEARCH_USER_PATHS = NO;
				CLANG_ANALYZER_NONNULL = YES;
				CLANG_ANALYZER_NUMBER_OBJECT_CONVERSION = YES_AGGRESSIVE;
				CLANG_CXX_LANGUAGE_STANDARD = "gnu++14";
				CLANG_CXX_LIBRARY = "libc++";
				CLANG_ENABLE_MODULES = YES;
				CLANG_ENABLE_OBJC_ARC = YES;
				CLANG_ENABLE_OBJC_WEAK = YES;
				CLANG_WARN_BLOCK_CAPTURE_AUTORELEASING = YES;
				CLANG_WARN_BOOL_CONVERSION = YES;
				CLANG_WARN_COMMA = YES;
				CLANG_WARN_CONSTANT_CONVERSION = YES;
				CLANG_WARN_DEPRECATED_OBJC_IMPLEMENTATIONS = YES;
				CLANG_WARN_DIRECT_OBJC_ISA_USAGE = YES_ERROR;
				CLANG_WARN_DOCUMENTATION_COMMENTS = YES;
				CLANG_WARN_EMPTY_BODY = YES;
				CLANG_WARN_ENUM_CONVERSION = YES;
				CLANG_WARN_INFINITE_RECURSION = YES;
				CLANG_WARN_INT_CONVERSION = YES;
				CLANG_WARN_NON_LITERAL_NULL_CONVERSION = YES;
				CLANG_WARN_OBJC_IMPLICIT_RETAIN_SELF = YES;
				CLANG_WARN_OBJC_LITERAL_CONVERSION = YES;
				CLANG_WARN_OBJC_ROOT_CLASS = YES_ERROR;
				CLANG_WARN_RANGE_LOOP_ANALYSIS = YES;
				CLANG_WARN_STRICT_PROTOTYPES = YES;
				CLANG_WARN_SUSPICIOUS_MOVE = YES;
				CLANG_WARN_UNGUARDED_AVAILABILITY = YES_AGGRESSIVE;
				CLANG_WARN_UNREACHABLE_CODE = YES;
				CLANG_WARN__DUPLICATE_METHOD_MATCH = YES;
				COPY_PHASE_STRIP = NO;
				CURRENT_PROJECT_VERSION = 1;
				DEBUG_INFORMATION_FORMAT = "dwarf-with-dsym";
				ENABLE_NS_ASSERTIONS = NO;
				ENABLE_STRICT_OBJC_MSGSEND = YES;
				GCC_C_LANGUAGE_STANDARD = gnu11;
				GCC_NO_COMMON_BLOCKS = YES;
				GCC_WARN_64_TO_32_BIT_CONVERSION = YES;
				GCC_WARN_ABOUT_RETURN_TYPE = YES_ERROR;
				GCC_WARN_UNDECLARED_SELECTOR = YES;
				GCC_WARN_UNINITIALIZED_AUTOS = YES_AGGRESSIVE;
				GCC_WARN_UNUSED_FUNCTION = YES;
				GCC_WARN_UNUSED_VARIABLE = YES;
				IPHONEOS_DEPLOYMENT_TARGET = 13.1;
				MTL_ENABLE_DEBUG_INFO = NO;
				MTL_FAST_MATH = YES;
				SDKROOT = iphoneos;
				SWIFT_COMPILATION_MODE = wholemodule;
				SWIFT_OPTIMIZATION_LEVEL = "-O";
				VALIDATE_PRODUCT = YES;
				VERSIONING_SYSTEM = "apple-generic";
				VERSION_INFO_PREFIX = "";
			};
			name = Release;
		};
		8CBAAFF52379384F00A695B6 /* Debug */ = {
			isa = XCBuildConfiguration;
			buildSettings = {
				CODE_SIGN_STYLE = Automatic;
				DEFINES_MODULE = YES;
				DEVELOPMENT_TEAM = X8YE27GARE;
				DYLIB_COMPATIBILITY_VERSION = 1;
				DYLIB_CURRENT_VERSION = 1;
				DYLIB_INSTALL_NAME_BASE = "@rpath";
				INFOPLIST_FILE = Easify/Info.plist;
				INSTALL_PATH = "$(LOCAL_LIBRARY_DIR)/Frameworks";
				LD_RUNPATH_SEARCH_PATHS = (
					"$(inherited)",
					"@executable_path/Frameworks",
					"@loader_path/Frameworks",
				);
				PRODUCT_BUNDLE_IDENTIFIER = com.Easify;
				PRODUCT_NAME = "$(TARGET_NAME:c99extidentifier)";
				SKIP_INSTALL = YES;
				SWIFT_VERSION = 5.0;
				TARGETED_DEVICE_FAMILY = "1,2";
			};
			name = Debug;
		};
		8CBAAFF62379384F00A695B6 /* Release */ = {
			isa = XCBuildConfiguration;
			buildSettings = {
				CODE_SIGN_STYLE = Automatic;
				DEFINES_MODULE = YES;
				DEVELOPMENT_TEAM = X8YE27GARE;
				DYLIB_COMPATIBILITY_VERSION = 1;
				DYLIB_CURRENT_VERSION = 1;
				DYLIB_INSTALL_NAME_BASE = "@rpath";
				INFOPLIST_FILE = Easify/Info.plist;
				INSTALL_PATH = "$(LOCAL_LIBRARY_DIR)/Frameworks";
				LD_RUNPATH_SEARCH_PATHS = (
					"$(inherited)",
					"@executable_path/Frameworks",
					"@loader_path/Frameworks",
				);
				PRODUCT_BUNDLE_IDENTIFIER = com.Easify;
				PRODUCT_NAME = "$(TARGET_NAME:c99extidentifier)";
				SKIP_INSTALL = YES;
				SWIFT_VERSION = 5.0;
				TARGETED_DEVICE_FAMILY = "1,2";
			};
			name = Release;
		};
		8CBB332A23793996006ADAAE /* Debug */ = {
			isa = XCBuildConfiguration;
			buildSettings = {
				ASSETCATALOG_COMPILER_APPICON_NAME = AppIcon;
				CODE_SIGN_IDENTITY = "iPhone Developer";
				CODE_SIGN_STYLE = Automatic;
				DEVELOPMENT_TEAM = X8YE27GARE;
				INFOPLIST_FILE = EasifyExamples/Info.plist;
				IPHONEOS_DEPLOYMENT_TARGET = 12.4;
				LD_RUNPATH_SEARCH_PATHS = (
					"$(inherited)",
					"@executable_path/Frameworks",
				);
				PRODUCT_BUNDLE_IDENTIFIER = com.EasifyExamples;
				PRODUCT_NAME = "$(TARGET_NAME)";
				SWIFT_VERSION = 5.0;
				TARGETED_DEVICE_FAMILY = "1,2";
			};
			name = Debug;
		};
		8CBB332B23793996006ADAAE /* Release */ = {
			isa = XCBuildConfiguration;
			buildSettings = {
				ASSETCATALOG_COMPILER_APPICON_NAME = AppIcon;
				CODE_SIGN_IDENTITY = "iPhone Developer";
				CODE_SIGN_STYLE = Automatic;
				DEVELOPMENT_TEAM = X8YE27GARE;
				INFOPLIST_FILE = EasifyExamples/Info.plist;
				IPHONEOS_DEPLOYMENT_TARGET = 12.4;
				LD_RUNPATH_SEARCH_PATHS = (
					"$(inherited)",
					"@executable_path/Frameworks",
				);
				PRODUCT_BUNDLE_IDENTIFIER = com.EasifyExamples;
				PRODUCT_NAME = "$(TARGET_NAME)";
				SWIFT_VERSION = 5.0;
				TARGETED_DEVICE_FAMILY = "1,2";
			};
			name = Release;
		};
/* End XCBuildConfiguration section */

/* Begin XCConfigurationList section */
		8CBAAFE62379384F00A695B6 /* Build configuration list for PBXProject "Easify" */ = {
			isa = XCConfigurationList;
			buildConfigurations = (
				8CBAAFF22379384F00A695B6 /* Debug */,
				8CBAAFF32379384F00A695B6 /* Release */,
			);
			defaultConfigurationIsVisible = 0;
			defaultConfigurationName = Release;
		};
		8CBAAFF42379384F00A695B6 /* Build configuration list for PBXNativeTarget "Easify" */ = {
			isa = XCConfigurationList;
			buildConfigurations = (
				8CBAAFF52379384F00A695B6 /* Debug */,
				8CBAAFF62379384F00A695B6 /* Release */,
			);
			defaultConfigurationIsVisible = 0;
			defaultConfigurationName = Release;
		};
		8CBB332C23793996006ADAAE /* Build configuration list for PBXNativeTarget "EasifyExamples" */ = {
			isa = XCConfigurationList;
			buildConfigurations = (
				8CBB332A23793996006ADAAE /* Debug */,
				8CBB332B23793996006ADAAE /* Release */,
			);
			defaultConfigurationIsVisible = 0;
			defaultConfigurationName = Release;
		};
/* End XCConfigurationList section */
	};
	rootObject = 8CBAAFE32379384F00A695B6 /* Project object */;
}
